{
  "name": "txbuilder",
  "version": "0.0.1",
  "lockfileVersion": 3,
  "requires": true,
  "packages": {
    "": {
      "name": "txbuilder",
      "version": "0.0.1",
      "license": "MIT",
      "dependencies": {
        "@cmdcode/tapscript": "^1.4.6"
      }
    },
    "node_modules/@cmdcode/tapscript": {
      "version": "1.4.6",
      "resolved": "https://registry.npmjs.org/@cmdcode/tapscript/-/tapscript-1.4.6.tgz",
      "integrity": "sha512-lrcLBSwX/T4OZjBdIupGeqGtOKC4MMSZUC7FwV6zOlqcAPHVVvtXDKKm4VTKDtszAvtObfLBpizSY69F4NJqQQ=="
    }
  }
}
